// !$*UTF8*$!
{
	archiveVersion = 1;
	classes = {
	};
	objectVersion = 60;
	objects = {

/* Begin PBXBuildFile section */
		0A1B2C3D4E5F678901234572 /* MyLoyaltyCardsWatchApp.swift in Sources */ = {isa = PBXBuildFile; fileRef = 0A1B2C3D4E5F67890123456E /* MyLoyaltyCardsWatchApp.swift */; };
		0A1B2C3D4E5F678901234573 /* ContentView.swift in Sources */ = {isa = PBXBuildFile; fileRef = 0A1B2C3D4E5F67890123456F /* ContentView.swift */; };
		0A1B2C3D4E5F678901234574 /* Assets.xcassets in Resources */ = {isa = PBXBuildFile; fileRef = 0A1B2C3D4E5F678901234570 /* Assets.xcassets */; };
		0A1B2C3D4E5F678901234575 /* Preview Assets.xcassets in Resources */ = {isa = PBXBuildFile; fileRef = 0A1B2C3D4E5F678901234571 /* Preview Assets.xcassets */; };
		0A1B2C3D4E5F678901234580 /* Brands.swift in Sources */ = {isa = PBXBuildFile; fileRef = 0A1B2C3D4E5F678901234581 /* Brands.swift */; };
		111111111111111111111111 /* CardListView.swift in Sources */ = {isa = PBXBuildFile; fileRef = 222222222222222222222222 /* CardListView.swift */; };
		1159EB790BE480CB2BCCBE18 /* BarcodeGenerator.swift in Sources */ = {isa = PBXBuildFile; fileRef = 179242DA7DDFD6D70205E15A /* BarcodeGenerator.swift */; };
		333333333333333333333333 /* BarcodeFlashView.swift in Sources */ = {isa = PBXBuildFile; fileRef = 444444444444444444444444 /* BarcodeFlashView.swift */; };
		5C5C5C5C5C5C5C5C5C5C5C5C /* WatchCardEntity.swift in Sources */ = {isa = PBXBuildFile; fileRef = 5B5B5B5B5B5B5B5B5B5B5B5B /* WatchCardEntity.swift */; };
		F11F11F11F11F11F11F11F11 /* CardStoreTests.swift in Sources */ = {isa = PBXBuildFile; fileRef = F1F1F1F1F1F1F1F1F1F1F1F1 /* CardStoreTests.swift */; };
		C2C2C2C2C2C2C2C2C2C2C2C2 /* BarcodeGeneratorTests.swift in Sources */ = {isa = PBXBuildFile; fileRef = C1C1C1C1C1C1C1C1C1C1C1C1 /* BarcodeGeneratorTests.swift */; };
		D2D2D2D2D2D2D2D2D2D2D2D2 /* CardRowHelpersTests.swift in Sources */ = {isa = PBXBuildFile; fileRef = D1D1D1D1D1D1D1D1D1D1D1D1 /* CardRowHelpersTests.swift */; };

/* Begin PBXFileReference section */
		0A1B2C3D4E5F67890123456D /* MyLoyaltyCardsWatch.app */ = {isa = PBXFileReference; explicitFileType = wrapper.application; path = MyLoyaltyCardsWatch.app; sourceTree = BUILT_PRODUCTS_DIR; };
		0A1B2C3D4E5F67890123456E /* MyLoyaltyCardsWatchApp.swift */ = {isa = PBXFileReference; lastKnownFileType = sourcecode.swift; path = MyLoyaltyCardsWatchApp.swift; sourceTree = "<group>"; };
		0A1B2C3D4E5F67890123456F /* ContentView.swift */ = {isa = PBXFileReference; lastKnownFileType = sourcecode.swift; path = ContentView.swift; sourceTree = "<group>"; };
		0A1B2C3D4E5F678901234570 /* Assets.xcassets */ = {isa = PBXFileReference; lastKnownFileType = folder.assetcatalog; path = Assets.xcassets; sourceTree = "<group>"; };
		0A1B2C3D4E5F678901234571 /* Preview Assets.xcassets */ = {isa = PBXFileReference; lastKnownFileType = folder.assetcatalog; path = "Preview Assets.xcassets"; sourceTree = "<group>"; };
		0A1B2C3D4E5F678901234581 /* Brands.swift */ = {isa = PBXFileReference; lastKnownFileType = sourcecode.swift; path = ../Generated/Brands.swift; sourceTree = "<group>"; };
		0A1B2C3D4E5F678901234583 /* generate-catalogue.swift */ = {isa = PBXFileReference; lastKnownFileType = sourcecode.swift; path = "generate-catalogue.swift"; sourceTree = "<group>"; };
		179242DA7DDFD6D70205E15A /* BarcodeGenerator.swift */ = {isa = PBXFileReference; includeInIndex = 1; lastKnownFileType = sourcecode.swift; path = BarcodeGenerator.swift; sourceTree = "<group>"; };
		222222222222222222222222 /* CardListView.swift */ = {isa = PBXFileReference; lastKnownFileType = sourcecode.swift; path = CardListView.swift; sourceTree = "<group>"; };
		444444444444444444444444 /* BarcodeFlashView.swift */ = {isa = PBXFileReference; lastKnownFileType = sourcecode.swift; path = BarcodeFlashView.swift; sourceTree = "<group>"; };
		5B5B5B5B5B5B5B5B5B5B5B5B /* WatchCardEntity.swift */ = {isa = PBXFileReference; lastKnownFileType = sourcecode.swift; path = WatchCardEntity.swift; sourceTree = "<group>"; };
		E1E1E1E1E1E1E1E1E1E1E1E1 /* CardListUITests.swift */ = {isa = PBXFileReference; lastKnownFileType = sourcecode.swift; path = MyLoyaltyCardsWatchUITests/CardListUITests.swift; sourceTree = "<group>"; };
		E6E6E6E6E6E6E6E6E6E6E6E6 /* MyLoyaltyCardsWatchUITests.xctest */ = {isa = PBXFileReference; explicitFileType = wrapper.cfbundle; path = MyLoyaltyCardsWatchUITests.xctest; sourceTree = BUILT_PRODUCTS_DIR; };
		F1F1F1F1F1F1F1F1F1F1F1F1 /* CardStoreTests.swift */ = {isa = PBXFileReference; lastKnownFileType = sourcecode.swift; path = CardStoreTests.swift; sourceTree = "<group>"; };
		C1C1C1C1C1C1C1C1C1C1C1C1 /* BarcodeGeneratorTests.swift */ = {isa = PBXFileReference; lastKnownFileType = sourcecode.swift; path = BarcodeGeneratorTests.swift; sourceTree = "<group>"; };
		D1D1D1D1D1D1D1D1D1D1D1D1 /* CardRowHelpersTests.swift */ = {isa = PBXFileReference; lastKnownFileType = sourcecode.swift; path = CardRowHelpersTests.swift; sourceTree = "<group>"; };
		F6F6F6F6F6F6F6F6F6F6F6F6 /* MyLoyaltyCardsWatchTests.xctest */ = {isa = PBXFileReference; explicitFileType = wrapper.cfbundle; path = MyLoyaltyCardsWatchTests.xctest; sourceTree = BUILT_PRODUCTS_DIR; };
/* End PBXFileReference section */

/* Begin PBXFrameworksBuildPhase section */
		0A1B2C3D4E5F678901234578 /* Frameworks */ = {
			isa = PBXFrameworksBuildPhase;
			buildActionMask = 2147483647;
			files = (
			);
			runOnlyForDeploymentPostprocessing = 0;
		};
/* End PBXFrameworksBuildPhase section */

/* Begin PBXGroup section */
		0A1B2C3D4E5F678901234568 = {
			isa = PBXGroup;
			children = (
				0A1B2C3D4E5F678901234569 /* MyLoyaltyCardsWatch */,
				0A1B2C3D4E5F678901234582 /* Scripts */,
				F4F4F4F4F4F4F4F4F4F4F4F4 /* MyLoyaltyCardsWatchTests */,
				E4E4E4E4E4E4E4E4E4E4E4E4 /* MyLoyaltyCardsWatchUITests */,
				0A1B2C3D4E5F67890123456B /* Products */,
			);
			sourceTree = "<group>";
		};
		0A1B2C3D4E5F678901234569 /* MyLoyaltyCardsWatch */ = {
			isa = PBXGroup;
			children = (
				0A1B2C3D4E5F67890123456E /* MyLoyaltyCardsWatchApp.swift */,
				0A1B2C3D4E5F67890123456F /* ContentView.swift */,
				222222222222222222222222 /* CardListView.swift */,
				444444444444444444444444 /* BarcodeFlashView.swift */,
				5B5B5B5B5B5B5B5B5B5B5B5B /* WatchCardEntity.swift */,
				0A1B2C3D4E5F678901234581 /* Brands.swift */,
				0A1B2C3D4E5F678901234570 /* Assets.xcassets */,
				0A1B2C3D4E5F67890123456A /* Preview Content */,
				179242DA7DDFD6D70205E15A /* BarcodeGenerator.swift */,
			);
			path = MyLoyaltyCardsWatch;
			sourceTree = "<group>";
		};
		0A1B2C3D4E5F67890123456A /* Preview Content */ = {
			isa = PBXGroup;
			children = (
				0A1B2C3D4E5F678901234571 /* Preview Assets.xcassets */,
			);
			path = "Preview Content";
			sourceTree = "<group>";
		};
		0A1B2C3D4E5F67890123456B /* Products */ = {
			isa = PBXGroup;
			children = (
				0A1B2C3D4E5F67890123456D /* MyLoyaltyCardsWatch.app */,
			);
			name = Products;
			sourceTree = "<group>";
		};
		0A1B2C3D4E5F678901234582 /* Scripts */ = {
			isa = PBXGroup;
			children = (
				0A1B2C3D4E5F678901234583 /* generate-catalogue.swift */,
			);
			path = Scripts;
			sourceTree = "<group>";
		};
		E4E4E4E4E4E4E4E4E4E4E4E4 /* MyLoyaltyCardsWatchUITests */ = {
			isa = PBXGroup;
			children = (
				E1E1E1E1E1E1E1E1E1E1E1E1 /* CardListUITests.swift */,
			);
			path = MyLoyaltyCardsWatchUITests;
			sourceTree = "<group>";
		};
		F4F4F4F4F4F4F4F4F4F4F4F4 /* MyLoyaltyCardsWatchTests */ = {
			isa = PBXGroup;
			children = (
				F1F1F1F1F1F1F1F1F1F1F1F1 /* CardStoreTests.swift */,
				C1C1C1C1C1C1C1C1C1C1C1C1 /* BarcodeGeneratorTests.swift */,
				D1D1D1D1D1D1D1D1D1D1D1D1 /* CardRowHelpersTests.swift */,
			);
			path = MyLoyaltyCardsWatchTests;
			sourceTree = "<group>";
		};
/* End PBXGroup section */

/* Begin PBXNativeTarget section */
		0A1B2C3D4E5F67890123456C /* MyLoyaltyCardsWatch */ = {
			isa = PBXNativeTarget;
			buildConfigurationList = 0A1B2C3D4E5F67890123457A /* Build configuration list for PBXNativeTarget "MyLoyaltyCardsWatch" */;
			buildPhases = (
				0A1B2C3D4E5F678901234584 /* Generate Watch Catalogue */,
				0A1B2C3D4E5F678901234576 /* Sources */,
				0A1B2C3D4E5F678901234577 /* Resources */,
				0A1B2C3D4E5F678901234578 /* Frameworks */,
			);
			buildRules = (
			);
			dependencies = (
			);
			name = MyLoyaltyCardsWatch;
			productName = MyLoyaltyCardsWatch;
			productReference = 0A1B2C3D4E5F67890123456D /* MyLoyaltyCardsWatch.app */;
			productType = "com.apple.product-type.application";
		};
		E5E5E5E5E5E5E5E5E5E5E5E5 /* MyLoyaltyCardsWatchUITests */ = {
			isa = PBXNativeTarget;
			buildConfigurationList = E9E9E9E9E9E9E9E9E9E9E9E9 /* Build configuration list for PBXNativeTarget "MyLoyaltyCardsWatchUITests" */;
			buildPhases = (
				E3E3E3E3E3E3E3E3E3E3E3E3 /* Sources */,
			);
			buildRules = (
			);
			dependencies = (
			);
			name = MyLoyaltyCardsWatchUITests;
			productName = MyLoyaltyCardsWatchUITests;
			productReference = E6E6E6E6E6E6E6E6E6E6E6E6 /* MyLoyaltyCardsWatchUITests.xctest */;
			productType = "com.apple.product-type.bundle.ui-testing-target";
		};
		F5F5F5F5F5F5F5F5F5F5F5F5 /* MyLoyaltyCardsWatchTests */ = {
			isa = PBXNativeTarget;
			buildConfigurationList = F9F9F9F9F9F9F9F9F9F9F9F9 /* Build configuration list for PBXNativeTarget "MyLoyaltyCardsWatchTests" */;
			buildPhases = (
				F3F3F3F3F3F3F3F3F3F3F3F3 /* Sources */,
			);
			buildRules = (
			);
			dependencies = (
				B1B1B1B1B1B1B1B1B1B1B1B1 /* MyLoyaltyCardsWatchTests -> MyLoyaltyCardsWatch */,
			);
			name = MyLoyaltyCardsWatchTests;
			productName = MyLoyaltyCardsWatchTests;
			productReference = F6F6F6F6F6F6F6F6F6F6F6F6 /* MyLoyaltyCardsWatchTests.xctest */;
			productType = "com.apple.product-type.bundle.unit-test";
		};

		/* PBXContainerItemProxy section */
		A1A1A1A1A1A1A1A1A1A1A1A1 /* MyLoyaltyCardsWatch in Project */ = {
			isa = PBXContainerItemProxy;
			containerPortal = 0A1B2C3D4E5F678901234567 /* Project object */;
			proxyType = 1;
			remoteGlobalIDString = 0A1B2C3D4E5F67890123456C /* MyLoyaltyCardsWatch */;
			remoteInfo = MyLoyaltyCardsWatch;
		};

		/* PBXTargetDependency section */
		B1B1B1B1B1B1B1B1B1B1B1B1 /* MyLoyaltyCardsWatchTests -> MyLoyaltyCardsWatch */ = {
			isa = PBXTargetDependency;
			name = MyLoyaltyCardsWatch;
			target = 0A1B2C3D4E5F67890123456C /* MyLoyaltyCardsWatch */;
			targetProxy = A1A1A1A1A1A1A1A1A1A1A1A1 /* MyLoyaltyCardsWatch in Project */;
		};

/* End PBXNativeTarget section */

/* Begin PBXProject section */
		0A1B2C3D4E5F678901234567 /* Project object */ = {
			isa = PBXProject;
			attributes = {
				LastUpgradeCheck = 1500;
				TargetAttributes = {
					0A1B2C3D4E5F67890123456C = {
						CreatedOnToolsVersion = 15.0;
					};
				};
			};
			buildConfigurationList = 0A1B2C3D4E5F678901234579 /* Build configuration list for PBXProject "MyLoyaltyCardsWatch" */;
			compatibilityVersion = "Xcode 15.0";
			developmentRegion = en;
			hasScannedForEncodings = 0;
			knownRegions = (
				en,
			);
			mainGroup = 0A1B2C3D4E5F678901234568;
			productRefGroup = 0A1B2C3D4E5F67890123456B /* Products */;
			projectDirPath = "";
			projectRoot = "";
			targets = (
				0A1B2C3D4E5F67890123456C /* MyLoyaltyCardsWatch */,
				F5F5F5F5F5F5F5F5F5F5F5F5 /* MyLoyaltyCardsWatchTests */,
				E5E5E5E5E5E5E5E5E5E5E5E5 /* MyLoyaltyCardsWatchUITests */,
			);
		};
/* End PBXProject section */

/* Begin PBXResourcesBuildPhase section */
		0A1B2C3D4E5F678901234577 /* Resources */ = {
			isa = PBXResourcesBuildPhase;
			buildActionMask = 2147483647;
			files = (
				0A1B2C3D4E5F678901234574 /* Assets.xcassets in Resources */,
				0A1B2C3D4E5F678901234575 /* Preview Assets.xcassets in Resources */,
			);
			runOnlyForDeploymentPostprocessing = 0;
		};
/* End PBXResourcesBuildPhase section */

/* Begin PBXShellScriptBuildPhase section */
		0A1B2C3D4E5F678901234584 /* Generate Watch Catalogue */ = {
			isa = PBXShellScriptBuildPhase;
			buildActionMask = 2147483647;
			files = (
			);
			inputFileListPaths = (
			);
			inputPaths = (
				"$(SRCROOT)/../catalogue/italy.json",
				"$(SRCROOT)/Scripts/generate-catalogue.swift",
			);
			name = "Generate Watch Catalogue";
			outputFileListPaths = (
			);
			outputPaths = (
				"$(SRCROOT)/Generated/Brands.swift",
			);
			runOnlyForDeploymentPostprocessing = 0;
			shellPath = /bin/sh;
			shellScript = "set -euo pipefail\n/usr/bin/xcrun --sdk macosx swift \"${SRCROOT}/Scripts/generate-catalogue.swift\"\n";
		};
/* End PBXShellScriptBuildPhase section */

/* Begin PBXSourcesBuildPhase section */
		0A1B2C3D4E5F678901234576 /* Sources */ = {
			isa = PBXSourcesBuildPhase;
			buildActionMask = 2147483647;
			files = (
				0A1B2C3D4E5F678901234572 /* MyLoyaltyCardsWatchApp.swift in Sources */,
				0A1B2C3D4E5F678901234573 /* ContentView.swift in Sources */,
				111111111111111111111111 /* CardListView.swift in Sources */,
				333333333333333333333333 /* BarcodeFlashView.swift in Sources */,
				5C5C5C5C5C5C5C5C5C5C5C5C /* WatchCardEntity.swift in Sources */,
				0A1B2C3D4E5F678901234580 /* Brands.swift in Sources */,
				1159EB790BE480CB2BCCBE18 /* BarcodeGenerator.swift in Sources */,
			);
			runOnlyForDeploymentPostprocessing = 0;
		};
		E3E3E3E3E3E3E3E3E3E3E3E3 /* Sources */ = {
			isa = PBXSourcesBuildPhase;
			buildActionMask = 2147483647;
			files = (
			);
			runOnlyForDeploymentPostprocessing = 0;
		};
		F3F3F3F3F3F3F3F3F3F3F3F3 /* Sources */ = {
			isa = PBXSourcesBuildPhase;
			buildActionMask = 2147483647;
			files = (
				F11F11F11F11F11F11F11F11 /* CardStoreTests.swift in Sources */,
				C2C2C2C2C2C2C2C2C2C2C2C2 /* BarcodeGeneratorTests.swift in Sources */,
				D2D2D2D2D2D2D2D2D2D2D2D2 /* CardRowHelpersTests.swift in Sources */,
			);
			runOnlyForDeploymentPostprocessing = 0;
		};
/* End PBXSourcesBuildPhase section */

/* Begin XCBuildConfiguration section */
		0A1B2C3D4E5F67890123457B /* Debug */ = {
			isa = XCBuildConfiguration;
			buildSettings = {
				CLANG_ANALYZER_LOCALIZABILITY_NONLOCALIZED = YES;
				CLANG_CXX_LANGUAGE_STANDARD = "gnu++17";
				CLANG_CXX_LIBRARY = "libc++";
				CLANG_ENABLE_MODULES = YES;
				CLANG_ENABLE_OBJC_WEAK = YES;
				CLANG_WARN_QUOTED_INCLUDE_IN_FRAMEWORK_HEADER = NO;
				GCC_C_LANGUAGE_STANDARD = gnu11;
				SDKROOT = watchos;
				SUPPORTED_PLATFORMS = "watchos watchsimulator";
					SWIFT_VERSION = 5.9;
					WATCHOS_DEPLOYMENT_TARGET = 10.0;
			};
			name = Debug;
		};
		0A1B2C3D4E5F67890123457C /* Release */ = {
			isa = XCBuildConfiguration;
			buildSettings = {
				CLANG_ANALYZER_LOCALIZABILITY_NONLOCALIZED = YES;
				CLANG_CXX_LANGUAGE_STANDARD = "gnu++17";
				CLANG_CXX_LIBRARY = "libc++";
				CLANG_ENABLE_MODULES = YES;
				CLANG_ENABLE_OBJC_WEAK = YES;
				CLANG_WARN_QUOTED_INCLUDE_IN_FRAMEWORK_HEADER = NO;
				GCC_C_LANGUAGE_STANDARD = gnu11;
				SDKROOT = watchos;
				SUPPORTED_PLATFORMS = "watchos watchsimulator";
					SWIFT_VERSION = 5.9;
					WATCHOS_DEPLOYMENT_TARGET = 10.0;
			};
			name = Release;
		};
		0A1B2C3D4E5F67890123457D /* Debug */ = {
			isa = XCBuildConfiguration;
			buildSettings = {
				"ARCHS[sdk=watchsimulator*]" = arm64;
				ASSETCATALOG_COMPILER_GLOBAL_ACCENT_COLOR_NAME = AccentColor;
				CODE_SIGN_STYLE = Automatic;
				CURRENT_PROJECT_VERSION = 1;
				DEVELOPMENT_ASSET_PATHS = "MyLoyaltyCardsWatch/Preview\\ Content";
				DEVELOPMENT_TEAM = 7KU8K25XK5;
				ENABLE_PREVIEWS = YES;
				GENERATE_INFOPLIST_FILE = YES;
				INFOPLIST_KEY_CFBundleDisplayName = MyLoyaltyCards;
				INFOPLIST_KEY_WKCompanionAppBundleIdentifier = com.iferoporefi.myloyaltycards;
				MARKETING_VERSION = 1.0;
				PRODUCT_BUNDLE_IDENTIFIER = com.iferoporefi.myloyaltycards.watch;
				PRODUCT_NAME = "$(TARGET_NAME)";
				SDKROOT = watchos;
				SUPPORTED_PLATFORMS = "watchos watchsimulator";
				ENABLE_TESTABILITY = YES;
				SWIFT_ACTIVE_COMPILATION_CONDITIONS = DEBUG;
					SWIFT_VERSION = 5.9;
					TARGETED_DEVICE_FAMILY = 4;
					WATCHOS_DEPLOYMENT_TARGET = 10.0;
			};
			name = Debug;
		};
		0A1B2C3D4E5F67890123457E /* Release */ = {
			isa = XCBuildConfiguration;
			buildSettings = {
				"ARCHS[sdk=watchsimulator*]" = arm64;
				ASSETCATALOG_COMPILER_GLOBAL_ACCENT_COLOR_NAME = AccentColor;
				CODE_SIGN_STYLE = Automatic;
				CURRENT_PROJECT_VERSION = 1;
				DEVELOPMENT_ASSET_PATHS = "MyLoyaltyCardsWatch/Preview\\ Content";
				DEVELOPMENT_TEAM = 7KU8K25XK5;
				ENABLE_PREVIEWS = YES;
				GENERATE_INFOPLIST_FILE = YES;
				INFOPLIST_KEY_CFBundleDisplayName = MyLoyaltyCards;
				INFOPLIST_KEY_WKCompanionAppBundleIdentifier = com.iferoporefi.myloyaltycards;
				MARKETING_VERSION = 1.0;
				PRODUCT_BUNDLE_IDENTIFIER = com.iferoporefi.myloyaltycards.watch;
				PRODUCT_NAME = "$(TARGET_NAME)";
				SDKROOT = watchos;
				SUPPORTED_PLATFORMS = "watchos watchsimulator";
				SWIFT_VERSION = 5.9;
					TARGETED_DEVICE_FAMILY = 4;
					WATCHOS_DEPLOYMENT_TARGET = 10.0;
			};
			name = Release;
		};
		E7E7E7E7E7E7E7E7E7E7E7E7 /* Debug */ = {
			isa = XCBuildConfiguration;
			buildSettings = {
				CODE_SIGN_STYLE = Automatic;
				CURRENT_PROJECT_VERSION = 1;
				GENERATE_INFOPLIST_FILE = YES;
				INFOPLIST_KEY_CFBundleDisplayName = MyLoyaltyCardsUITests;
				PRODUCT_BUNDLE_IDENTIFIER = com.iferoporefi.myloyaltycards.watch.uitests;
				SDKROOT = watchos;
					SWIFT_VERSION = 5.9;
					WATCHOS_DEPLOYMENT_TARGET = 10.0;
			};
			name = Debug;
		};
		E8E8E8E8E8E8E8E8E8E8E8E8 /* Release */ = {
			isa = XCBuildConfiguration;
			buildSettings = {
				CODE_SIGN_STYLE = Automatic;
				CURRENT_PROJECT_VERSION = 1;
				GENERATE_INFOPLIST_FILE = YES;
				INFOPLIST_KEY_CFBundleDisplayName = MyLoyaltyCardsUITests;
				PRODUCT_BUNDLE_IDENTIFIER = com.iferoporefi.myloyaltycards.watch.uitests;
				SDKROOT = watchos;
					SWIFT_VERSION = 5.9;
					WATCHOS_DEPLOYMENT_TARGET = 10.0;
			};
			name = Release;
		};
		F7F7F7F7F7F7F7F7F7F7F7F7 /* Debug */ = {
			isa = XCBuildConfiguration;
			buildSettings = {
				CODE_SIGN_STYLE = Automatic;
				CURRENT_PROJECT_VERSION = 1;
				GENERATE_INFOPLIST_FILE = YES;
				INFOPLIST_KEY_CFBundleDisplayName = MyLoyaltyCardsTests;
				PRODUCT_BUNDLE_IDENTIFIER = com.iferoporefi.myloyaltycards.watch.tests;
				PRODUCT_NAME = "$(TARGET_NAME)";
				SDKROOT = watchos;
				"ARCHS[sdk=watchsimulator*]" = arm64;
				TEST_HOST = "$(BUILT_PRODUCTS_DIR)/MyLoyaltyCardsWatch.app/MyLoyaltyCardsWatch";
				BUNDLE_LOADER = "$(TEST_HOST)";
					SWIFT_VERSION = 5.9;
					WATCHOS_DEPLOYMENT_TARGET = 10.0;
			};
			name = Debug;
		};
		F8F8F8F8F8F8F8F8F8F8F8F8 /* Release */ = {
			isa = XCBuildConfiguration;
			buildSettings = {
				CODE_SIGN_STYLE = Automatic;
				CURRENT_PROJECT_VERSION = 1;
				GENERATE_INFOPLIST_FILE = YES;
				INFOPLIST_KEY_CFBundleDisplayName = MyLoyaltyCardsTests;
				PRODUCT_BUNDLE_IDENTIFIER = com.iferoporefi.myloyaltycards.watch.tests;
				PRODUCT_NAME = "$(TARGET_NAME)";
				SDKROOT = watchos;
				TEST_HOST = "$(BUILT_PRODUCTS_DIR)/MyLoyaltyCardsWatch.app/MyLoyaltyCardsWatch";
				BUNDLE_LOADER = "$(TEST_HOST)";
				SWIFT_VERSION = 5.9;
				WATCHOS_DEPLOYMENT_TARGET = 10.0;
			};
			name = Release;
		};
/* End XCBuildConfiguration section */

/* Begin XCConfigurationList section */
		0A1B2C3D4E5F678901234579 /* Build configuration list for PBXProject "MyLoyaltyCardsWatch" */ = {
			isa = XCConfigurationList;
			buildConfigurations = (
				0A1B2C3D4E5F67890123457B /* Debug */,
				0A1B2C3D4E5F67890123457C /* Release */,
			);
			defaultConfigurationIsVisible = 0;
			defaultConfigurationName = Release;
		};
		0A1B2C3D4E5F67890123457A /* Build configuration list for PBXNativeTarget "MyLoyaltyCardsWatch" */ = {
			isa = XCConfigurationList;
			buildConfigurations = (
				0A1B2C3D4E5F67890123457D /* Debug */,
				0A1B2C3D4E5F67890123457E /* Release */,
			);
			defaultConfigurationIsVisible = 0;
			defaultConfigurationName = Release;
		};
		E9E9E9E9E9E9E9E9E9E9E9E9 /* Build configuration list for PBXNativeTarget "MyLoyaltyCardsWatchUITests" */ = {
			isa = XCConfigurationList;
			buildConfigurations = (
				E7E7E7E7E7E7E7E7E7E7E7E7 /* Debug */,
				E8E8E8E8E8E8E8E8E8E8E8E8 /* Release */,
			);
			defaultConfigurationIsVisible = 0;
			defaultConfigurationName = Release;
		};
		F9F9F9F9F9F9F9F9F9F9F9F9 /* Build configuration list for PBXNativeTarget "MyLoyaltyCardsWatchTests" */ = {
			isa = XCConfigurationList;
			buildConfigurations = (
				F7F7F7F7F7F7F7F7F7F7F7F7 /* Debug */,
				F8F8F8F8F8F8F8F8F8F8F8F8 /* Release */,
			);
			defaultConfigurationIsVisible = 0;
			defaultConfigurationName = Release;
		};
/* End XCConfigurationList section */
	};
	rootObject = 0A1B2C3D4E5F678901234567 /* Project object */;
}
